
Microsoft Visual Studio Solution File, Format Version 12.00
# Visual Studio Version 16
VisualStudioVersion = 16.0.29409.12
MinimumVisualStudioVersion = 10.0.40219.1
Project("{FAE04EC0-301F-11D3-BF4B-00C04F79EFBC}") = "HierarchyGUI", "HierarchyGUI.csproj", "{A096C01A-DEC4-45FA-803E-139DB451C381}"
EndProject
Global
	GlobalSection(SolutionConfigurationPlatforms) = preSolution
		Debug|Any CPU = Debug|Any CPU
		Release|Any CPU = Release|Any CPU
	EndGlobalSection
	GlobalSection(ProjectConfigurationPlatforms) = postSolution
		{A096C01A-DEC4-45FA-803E-139DB451C381}.Debug|Any CPU.ActiveCfg = Debug|Any CPU
		{A096C01A-DEC4-45FA-803E-139DB451C381}.Debug|Any CPU.Build.0 = Debug|Any CPU
		{A096C01A-DEC4-45FA-803E-139DB451C381}.Release|Any CPU.ActiveCfg = Release|Any CPU
		{A096C01A-DEC4-45FA-803E-139DB451C381}.Release|Any CPU.Build.0 = Release|Any CPU
	EndGlobalSection
	GlobalSection(SolutionProperties) = preSolution
		HideSolutionNode = FALSE
	EndGlobalSection
	GlobalSection(ExtensibilityGlobals) = postSolution
		SolutionGuid = {0AFA24EF-D92C-4452-AEB3-CA90D0CB9A21}
	EndGlobalSection
EndGlobal
